// !$*UTF8*$!
{
	archiveVersion = 1;
	classes = {
	};
	objectVersion = 50;
	objects = {

/* Begin PBXBuildFile section */
		3B52D618258E11DE009CE91D /* ButtonContentView.swift in Sources */ = {isa = PBXBuildFile; fileRef = 3B52D617258E11DE009CE91D /* ButtonContentView.swift */; };
		A8F885BB258A7F9B009F31A3 /* StateAndDataFlowAppApp.swift in Sources */ = {isa = PBXBuildFile; fileRef = A8F885BA258A7F9B009F31A3 /* StateAndDataFlowAppApp.swift */; };
		A8F885BD258A7F9B009F31A3 /* TimerContentView.swift in Sources */ = {isa = PBXBuildFile; fileRef = A8F885BC258A7F9B009F31A3 /* TimerContentView.swift */; };
		A8F885BF258A7FA0009F31A3 /* Assets.xcassets in Resources */ = {isa = PBXBuildFile; fileRef = A8F885BE258A7FA0009F31A3 /* Assets.xcassets */; };
		A8F885C2258A7FA0009F31A3 /* Preview Assets.xcassets in Resources */ = {isa = PBXBuildFile; fileRef = A8F885C1258A7FA0009F31A3 /* Preview Assets.xcassets */; };
		A8F885CB258A88A1009F31A3 /* TimeCounter.swift in Sources */ = {isa = PBXBuildFile; fileRef = A8F885CA258A88A1009F31A3 /* TimeCounter.swift */; };
		A8F885CE258A8F53009F31A3 /* RegisterdView.swift in Sources */ = {isa = PBXBuildFile; fileRef = A8F885CD258A8F53009F31A3 /* RegisterdView.swift */; };
		A8F885D1258A90EC009F31A3 /* UserManager.swift in Sources */ = {isa = PBXBuildFile; fileRef = A8F885D0258A90EC009F31A3 /* UserManager.swift */; };
		A8F885D4258A937F009F31A3 /* StarterView.swift in Sources */ = {isa = PBXBuildFile; fileRef = A8F885D3258A937F009F31A3 /* StarterView.swift */; };
/* End PBXBuildFile section */

/* Begin PBXFileReference section */
		3B52D617258E11DE009CE91D /* ButtonContentView.swift */ = {isa = PBXFileReference; lastKnownFileType = sourcecode.swift; path = ButtonContentView.swift; sourceTree = "<group>"; };
		A8F885B7258A7F9B009F31A3 /* StateAndDataFlowApp.app */ = {isa = PBXFileReference; explicitFileType = wrapper.application; includeInIndex = 0; path = StateAndDataFlowApp.app; sourceTree = BUILT_PRODUCTS_DIR; };
		A8F885BA258A7F9B009F31A3 /* StateAndDataFlowAppApp.swift */ = {isa = PBXFileReference; lastKnownFileType = sourcecode.swift; path = StateAndDataFlowAppApp.swift; sourceTree = "<group>"; };
		A8F885BC258A7F9B009F31A3 /* TimerContentView.swift */ = {isa = PBXFileReference; lastKnownFileType = sourcecode.swift; path = TimerContentView.swift; sourceTree = "<group>"; };
		A8F885BE258A7FA0009F31A3 /* Assets.xcassets */ = {isa = PBXFileReference; lastKnownFileType = folder.assetcatalog; path = Assets.xcassets; sourceTree = "<group>"; };
		A8F885C1258A7FA0009F31A3 /* Preview Assets.xcassets */ = {isa = PBXFileReference; lastKnownFileType = folder.assetcatalog; path = "Preview Assets.xcassets"; sourceTree = "<group>"; };
		A8F885C3258A7FA0009F31A3 /* Info.plist */ = {isa = PBXFileReference; lastKnownFileType = text.plist.xml; path = Info.plist; sourceTree = "<group>"; };
		A8F885CA258A88A1009F31A3 /* TimeCounter.swift */ = {isa = PBXFileReference; lastKnownFileType = sourcecode.swift; path = TimeCounter.swift; sourceTree = "<group>"; };
		A8F885CD258A8F53009F31A3 /* RegisterdView.swift */ = {isa = PBXFileReference; lastKnownFileType = sourcecode.swift; path = RegisterdView.swift; sourceTree = "<group>"; };
		A8F885D0258A90EC009F31A3 /* UserManager.swift */ = {isa = PBXFileReference; lastKnownFileType = sourcecode.swift; path = UserManager.swift; sourceTree = "<group>"; };
		A8F885D3258A937F009F31A3 /* StarterView.swift */ = {isa = PBXFileReference; lastKnownFileType = sourcecode.swift; path = StarterView.swift; sourceTree = "<group>"; };
/* End PBXFileReference section */

/* Begin PBXFrameworksBuildPhase section */
		A8F885B4258A7F9B009F31A3 /* Frameworks */ = {
			isa = PBXFrameworksBuildPhase;
			buildActionMask = 2147483647;
			files = (
			);
			runOnlyForDeploymentPostprocessing = 0;
		};
/* End PBXFrameworksBuildPhase section */

/* Begin PBXGroup section */
		3B52D61A258E1700009CE91D /* Resource */ = {
			isa = PBXGroup;
			children = (
				A8F885BE258A7FA0009F31A3 /* Assets.xcassets */,
			);
			path = Resource;
			sourceTree = "<group>";
		};
		3B52D61B258E1709009CE91D /* Supporting File */ = {
			isa = PBXGroup;
			children = (
				A8F885C3258A7FA0009F31A3 /* Info.plist */,
			);
			path = "Supporting File";
			sourceTree = "<group>";
		};
		3B52D61D258E174E009CE91D /* Content Views */ = {
			isa = PBXGroup;
			children = (
				A8F885BC258A7F9B009F31A3 /* TimerContentView.swift */,
				A8F885D3258A937F009F31A3 /* StarterView.swift */,
				A8F885CD258A8F53009F31A3 /* RegisterdView.swift */,
				3B52D617258E11DE009CE91D /* ButtonContentView.swift */,
			);
			path = "Content Views";
			sourceTree = "<group>";
		};
		3B52D620258E17BE009CE91D /* Manager */ = {
			isa = PBXGroup;
			children = (
				A8F885D0258A90EC009F31A3 /* UserManager.swift */,
			);
			path = Manager;
			sourceTree = "<group>";
		};
		A8F885AE258A7F9B009F31A3 = {
			isa = PBXGroup;
			children = (
				A8F885B9258A7F9B009F31A3 /* StateAndDataFlowApp */,
				A8F885B8258A7F9B009F31A3 /* Products */,
			);
			sourceTree = "<group>";
		};
		A8F885B8258A7F9B009F31A3 /* Products */ = {
			isa = PBXGroup;
			children = (
				A8F885B7258A7F9B009F31A3 /* StateAndDataFlowApp.app */,
			);
			name = Products;
			sourceTree = "<group>";
		};
		A8F885B9258A7F9B009F31A3 /* StateAndDataFlowApp */ = {
			isa = PBXGroup;
			children = (
				A8F885BA258A7F9B009F31A3 /* StateAndDataFlowAppApp.swift */,
				3B52D61D258E174E009CE91D /* Content Views */,
				A8F885CA258A88A1009F31A3 /* TimeCounter.swift */,
				3B52D620258E17BE009CE91D /* Manager */,
				3B52D61A258E1700009CE91D /* Resource */,
				3B52D61B258E1709009CE91D /* Supporting File */,
				A8F885C0258A7FA0009F31A3 /* Preview Content */,
			);
			path = StateAndDataFlowApp;
			sourceTree = "<group>";
		};
		A8F885C0258A7FA0009F31A3 /* Preview Content */ = {
			isa = PBXGroup;
			children = (
				A8F885C1258A7FA0009F31A3 /* Preview Assets.xcassets */,
			);
			path = "Preview Content";
			sourceTree = "<group>";
		};
/* End PBXGroup section */

/* Begin PBXNativeTarget section */
		A8F885B6258A7F9B009F31A3 /* StateAndDataFlowApp */ = {
			isa = PBXNativeTarget;
			buildConfigurationList = A8F885C6258A7FA0009F31A3 /* Build configuration list for PBXNativeTarget "StateAndDataFlowApp" */;
			buildPhases = (
				A8F885B3258A7F9B009F31A3 /* Sources */,
				A8F885B4258A7F9B009F31A3 /* Frameworks */,
				A8F885B5258A7F9B009F31A3 /* Resources */,
			);
			buildRules = (
			);
			dependencies = (
			);
			name = StateAndDataFlowApp;
			productName = StateAndDataFlowApp;
			productReference = A8F885B7258A7F9B009F31A3 /* StateAndDataFlowApp.app */;
			productType = "com.apple.product-type.application";
		};
/* End PBXNativeTarget section */

/* Begin PBXProject section */
		A8F885AF258A7F9B009F31A3 /* Project object */ = {
			isa = PBXProject;
			attributes = {
				LastSwiftUpdateCheck = 1220;
				LastUpgradeCheck = 1220;
				TargetAttributes = {
					A8F885B6258A7F9B009F31A3 = {
						CreatedOnToolsVersion = 12.2;
					};
				};
			};
			buildConfigurationList = A8F885B2258A7F9B009F31A3 /* Build configuration list for PBXProject "StateAndDataFlowApp" */;
			compatibilityVersion = "Xcode 9.3";
			developmentRegion = en;
			hasScannedForEncodings = 0;
			knownRegions = (
				en,
				Base,
			);
			mainGroup = A8F885AE258A7F9B009F31A3;
			productRefGroup = A8F885B8258A7F9B009F31A3 /* Products */;
			projectDirPath = "";
			projectRoot = "";
			targets = (
				A8F885B6258A7F9B009F31A3 /* StateAndDataFlowApp */,
			);
		};
/* End PBXProject section */

/* Begin PBXResourcesBuildPhase section */
		A8F885B5258A7F9B009F31A3 /* Resources */ = {
			isa = PBXResourcesBuildPhase;
			buildActionMask = 2147483647;
			files = (
				A8F885C2258A7FA0009F31A3 /* Preview Assets.xcassets in Resources */,
				A8F885BF258A7FA0009F31A3 /* Assets.xcassets in Resources */,
			);
			runOnlyForDeploymentPostprocessing = 0;
		};
/* End PBXResourcesBuildPhase section */

/* Begin PBXSourcesBuildPhase section */
		A8F885B3258A7F9B009F31A3 /* Sources */ = {
			isa = PBXSourcesBuildPhase;
			buildActionMask = 2147483647;
			files = (
				A8F885CB258A88A1009F31A3 /* TimeCounter.swift in Sources */,
				3B52D618258E11DE009CE91D /* ButtonContentView.swift in Sources */,
				A8F885BD258A7F9B009F31A3 /* TimerContentView.swift in Sources */,
				A8F885D4258A937F009F31A3 /* StarterView.swift in Sources */,
				A8F885CE258A8F53009F31A3 /* RegisterdView.swift in Sources */,
				A8F885D1258A90EC009F31A3 /* UserManager.swift in Sources */,
				A8F885BB258A7F9B009F31A3 /* StateAndDataFlowAppApp.swift in Sources */,
			);
			runOnlyForDeploymentPostprocessing = 0;
		};
/* End PBXSourcesBuildPhase section */

/* Begin XCBuildConfiguration section */
		A8F885C4258A7FA0009F31A3 /* Debug */ = {
			isa = XCBuildConfiguration;
			buildSettings = {
				ALWAYS_SEARCH_USER_PATHS = NO;
				CLANG_ANALYZER_NONNULL = YES;
				CLANG_ANALYZER_NUMBER_OBJECT_CONVERSION = YES_AGGRESSIVE;
				CLANG_CXX_LANGUAGE_STANDARD = "gnu++14";
				CLANG_CXX_LIBRARY = "libc++";
				CLANG_ENABLE_MODULES = YES;
				CLANG_ENABLE_OBJC_ARC = YES;
				CLANG_ENABLE_OBJC_WEAK = YES;
				CLANG_WARN_BLOCK_CAPTURE_AUTORELEASING = YES;
				CLANG_WARN_BOOL_CONVERSION = YES;
				CLANG_WARN_COMMA = YES;
				CLANG_WARN_CONSTANT_CONVERSION = YES;
				CLANG_WARN_DEPRECATED_OBJC_IMPLEMENTATIONS = YES;
				CLANG_WARN_DIRECT_OBJC_ISA_USAGE = YES_ERROR;
				CLANG_WARN_DOCUMENTATION_COMMENTS = YES;
				CLANG_WARN_EMPTY_BODY = YES;
				CLANG_WARN_ENUM_CONVERSION = YES;
				CLANG_WARN_INFINITE_RECURSION = YES;
				CLANG_WARN_INT_CONVERSION = YES;
				CLANG_WARN_NON_LITERAL_NULL_CONVERSION = YES;
				CLANG_WARN_OBJC_IMPLICIT_RETAIN_SELF = YES;
				CLANG_WARN_OBJC_LITERAL_CONVERSION = YES;
				CLANG_WARN_OBJC_ROOT_CLASS = YES_ERROR;
				CLANG_WARN_QUOTED_INCLUDE_IN_FRAMEWORK_HEADER = YES;
				CLANG_WARN_RANGE_LOOP_ANALYSIS = YES;
				CLANG_WARN_STRICT_PROTOTYPES = YES;
				CLANG_WARN_SUSPICIOUS_MOVE = YES;
				CLANG_WARN_UNGUARDED_AVAILABILITY = YES_AGGRESSIVE;
				CLANG_WARN_UNREACHABLE_CODE = YES;
				CLANG_WARN__DUPLICATE_METHOD_MATCH = YES;
				COPY_PHASE_STRIP = NO;
				DEBUG_INFORMATION_FORMAT = dwarf;
				ENABLE_STRICT_OBJC_MSGSEND = YES;
				ENABLE_TESTABILITY = YES;
				GCC_C_LANGUAGE_STANDARD = gnu11;
				GCC_DYNAMIC_NO_PIC = NO;
				GCC_NO_COMMON_BLOCKS = YES;
				GCC_OPTIMIZATION_LEVEL = 0;
				GCC_PREPROCESSOR_DEFINITIONS = (
					"DEBUG=1",
					"$(inherited)",
				);
				GCC_WARN_64_TO_32_BIT_CONVERSION = YES;
				GCC_WARN_ABOUT_RETURN_TYPE = YES_ERROR;
				GCC_WARN_UNDECLARED_SELECTOR = YES;
				GCC_WARN_UNINITIALIZED_AUTOS = YES_AGGRESSIVE;
				GCC_WARN_UNUSED_FUNCTION = YES;
				GCC_WARN_UNUSED_VARIABLE = YES;
				IPHONEOS_DEPLOYMENT_TARGET = 14.2;
				MTL_ENABLE_DEBUG_INFO = INCLUDE_SOURCE;
				MTL_FAST_MATH = YES;
				ONLY_ACTIVE_ARCH = YES;
				SDKROOT = iphoneos;
				SWIFT_ACTIVE_COMPILATION_CONDITIONS = DEBUG;
				SWIFT_OPTIMIZATION_LEVEL = "-Onone";
			};
			name = Debug;
		};
		A8F885C5258A7FA0009F31A3 /* Release */ = {
			isa = XCBuildConfiguration;
			buildSettings = {
				ALWAYS_SEARCH_USER_PATHS = NO;
				CLANG_ANALYZER_NONNULL = YES;
				CLANG_ANALYZER_NUMBER_OBJECT_CONVERSION = YES_AGGRESSIVE;
				CLANG_CXX_LANGUAGE_STANDARD = "gnu++14";
				CLANG_CXX_LIBRARY = "libc++";
				CLANG_ENABLE_MODULES = YES;
				CLANG_ENABLE_OBJC_ARC = YES;
				CLANG_ENABLE_OBJC_WEAK = YES;
				CLANG_WARN_BLOCK_CAPTURE_AUTORELEASING = YES;
				CLANG_WARN_BOOL_CONVERSION = YES;
				CLANG_WARN_COMMA = YES;
				CLANG_WARN_CONSTANT_CONVERSION = YES;
				CLANG_WARN_DEPRECATED_OBJC_IMPLEMENTATIONS = YES;
				CLANG_WARN_DIRECT_OBJC_ISA_USAGE = YES_ERROR;
				CLANG_WARN_DOCUMENTATION_COMMENTS = YES;
				CLANG_WARN_EMPTY_BODY = YES;
				CLANG_WARN_ENUM_CONVERSION = YES;
				CLANG_WARN_INFINITE_RECURSION = YES;
				CLANG_WARN_INT_CONVERSION = YES;
				CLANG_WARN_NON_LITERAL_NULL_CONVERSION = YES;
				CLANG_WARN_OBJC_IMPLICIT_RETAIN_SELF = YES;
				CLANG_WARN_OBJC_LITERAL_CONVERSION = YES;
				CLANG_WARN_OBJC_ROOT_CLASS = YES_ERROR;
				CLANG_WARN_QUOTED_INCLUDE_IN_FRAMEWORK_HEADER = YES;
				CLANG_WARN_RANGE_LOOP_ANALYSIS = YES;
				CLANG_WARN_STRICT_PROTOTYPES = YES;
				CLANG_WARN_SUSPICIOUS_MOVE = YES;
				CLANG_WARN_UNGUARDED_AVAILABILITY = YES_AGGRESSIVE;
				CLANG_WARN_UNREACHABLE_CODE = YES;
				CLANG_WARN__DUPLICATE_METHOD_MATCH = YES;
				COPY_PHASE_STRIP = NO;
				DEBUG_INFORMATION_FORMAT = "dwarf-with-dsym";
				ENABLE_NS_ASSERTIONS = NO;
				ENABLE_STRICT_OBJC_MSGSEND = YES;
				GCC_C_LANGUAGE_STANDARD = gnu11;
				GCC_NO_COMMON_BLOCKS = YES;
				GCC_WARN_64_TO_32_BIT_CONVERSION = YES;
				GCC_WARN_ABOUT_RETURN_TYPE = YES_ERROR;
				GCC_WARN_UNDECLARED_SELECTOR = YES;
				GCC_WARN_UNINITIALIZED_AUTOS = YES_AGGRESSIVE;
				GCC_WARN_UNUSED_FUNCTION = YES;
				GCC_WARN_UNUSED_VARIABLE = YES;
				IPHONEOS_DEPLOYMENT_TARGET = 14.2;
				MTL_ENABLE_DEBUG_INFO = NO;
				MTL_FAST_MATH = YES;
				SDKROOT = iphoneos;
				SWIFT_COMPILATION_MODE = wholemodule;
				SWIFT_OPTIMIZATION_LEVEL = "-O";
				VALIDATE_PRODUCT = YES;
			};
			name = Release;
		};
		A8F885C7258A7FA0009F31A3 /* Debug */ = {
			isa = XCBuildConfiguration;
			buildSettings = {
				ASSETCATALOG_COMPILER_APPICON_NAME = AppIcon;
				ASSETCATALOG_COMPILER_GLOBAL_ACCENT_COLOR_NAME = AccentColor;
				CODE_SIGN_STYLE = Automatic;
				DEVELOPMENT_ASSET_PATHS = "\"StateAndDataFlowApp/Preview Content\"";
				DEVELOPMENT_TEAM = GBTTU32HS2;
				ENABLE_PREVIEWS = YES;
				INFOPLIST_FILE = "StateAndDataFlowApp/Supporting File/Info.plist";
				IPHONEOS_DEPLOYMENT_TARGET = 14.0;
				LD_RUNPATH_SEARCH_PATHS = (
					"$(inherited)",
					"@executable_path/Frameworks",
				);
				PRODUCT_BUNDLE_IDENTIFIER = ru.swiftbook.StateAndDataFlowApp;
				PRODUCT_NAME = "$(TARGET_NAME)";
				SWIFT_VERSION = 5.0;
				TARGETED_DEVICE_FAMILY = "1,2";
			};
			name = Debug;
		};
		A8F885C8258A7FA0009F31A3 /* Release */ = {
			isa = XCBuildConfiguration;
			buildSettings = {
				ASSETCATALOG_COMPILER_APPICON_NAME = AppIcon;
				ASSETCATALOG_COMPILER_GLOBAL_ACCENT_COLOR_NAME = AccentColor;
				CODE_SIGN_STYLE = Automatic;
				DEVELOPMENT_ASSET_PATHS = "\"StateAndDataFlowApp/Preview Content\"";
				DEVELOPMENT_TEAM = GBTTU32HS2;
				ENABLE_PREVIEWS = YES;
				INFOPLIST_FILE = "StateAndDataFlowApp/Supporting File/Info.plist";
				IPHONEOS_DEPLOYMENT_TARGET = 14.0;
				LD_RUNPATH_SEARCH_PATHS = (
					"$(inherited)",
					"@executable_path/Frameworks",
				);
				PRODUCT_BUNDLE_IDENTIFIER = ru.swiftbook.StateAndDataFlowApp;
				PRODUCT_NAME = "$(TARGET_NAME)";
				SWIFT_VERSION = 5.0;
				TARGETED_DEVICE_FAMILY = "1,2";
			};
			name = Release;
		};
/* End XCBuildConfiguration section */

/* Begin XCConfigurationList section */
		A8F885B2258A7F9B009F31A3 /* Build configuration list for PBXProject "StateAndDataFlowApp" */ = {
			isa = XCConfigurationList;
			buildConfigurations = (
				A8F885C4258A7FA0009F31A3 /* Debug */,
				A8F885C5258A7FA0009F31A3 /* Release */,
			);
			defaultConfigurationIsVisible = 0;
			defaultConfigurationName = Release;
		};
		A8F885C6258A7FA0009F31A3 /* Build configuration list for PBXNativeTarget "StateAndDataFlowApp" */ = {
			isa = XCConfigurationList;
			buildConfigurations = (
				A8F885C7258A7FA0009F31A3 /* Debug */,
				A8F885C8258A7FA0009F31A3 /* Release */,
			);
			defaultConfigurationIsVisible = 0;
			defaultConfigurationName = Release;
		};
/* End XCConfigurationList section */
	};
	rootObject = A8F885AF258A7F9B009F31A3 /* Project object */;
}
